
Microsoft Visual Studio Solution File, Format Version 12.00
# Visual Studio Version 16
VisualStudioVersion = 16.0.29230.47
MinimumVisualStudioVersion = 10.0.40219.1
Project("{8BC9CEB8-8B4A-11D0-8D11-00A0C91BC942}") = "MathFuncsLib", "MathFuncsLib.vcxproj", "{125AFD92-1353-4A6B-964E-5D40582FF053}"
EndProject
Project("{8BC9CEB8-8B4A-11D0-8D11-00A0C91BC942}") = "MyExecRefsLib", "..\MyExecRefsLib\MyExecRefsLib.vcxproj", "{7C253AD9-8E0A-44D9-91EE-EFFD2775EEE1}"
EndProject
Global
	GlobalSection(SolutionConfigurationPlatforms) = preSolution
		Debug|x64 = Debug|x64
		Debug|x86 = Debug|x86
		Release|x64 = Release|x64
		Release|x86 = Release|x86
	EndGlobalSection
	GlobalSection(ProjectConfigurationPlatforms) = postSolution
		{125AFD92-1353-4A6B-964E-5D40582FF053}.Debug|x64.ActiveCfg = Debug|x64
		{125AFD92-1353-4A6B-964E-5D40582FF053}.Debug|x64.Build.0 = Debug|x64
		{125AFD92-1353-4A6B-964E-5D40582FF053}.Debug|x86.ActiveCfg = Debug|Win32
		{125AFD92-1353-4A6B-964E-5D40582FF053}.Debug|x86.Build.0 = Debug|Win32
		{125AFD92-1353-4A6B-964E-5D40582FF053}.Release|x64.ActiveCfg = Release|x64
		{125AFD92-1353-4A6B-964E-5D40582FF053}.Release|x64.Build.0 = Release|x64
		{125AFD92-1353-4A6B-964E-5D40582FF053}.Release|x86.ActiveCfg = Release|Win32
		{125AFD92-1353-4A6B-964E-5D40582FF053}.Release|x86.Build.0 = Release|Win32
		{7C253AD9-8E0A-44D9-91EE-EFFD2775EEE1}.Debug|x64.ActiveCfg = Debug|x64
		{7C253AD9-8E0A-44D9-91EE-EFFD2775EEE1}.Debug|x64.Build.0 = Debug|x64
		{7C253AD9-8E0A-44D9-91EE-EFFD2775EEE1}.Debug|x86.ActiveCfg = Debug|Win32
		{7C253AD9-8E0A-44D9-91EE-EFFD2775EEE1}.Debug|x86.Build.0 = Debug|Win32
		{7C253AD9-8E0A-44D9-91EE-EFFD2775EEE1}.Release|x64.ActiveCfg = Release|x64
		{7C253AD9-8E0A-44D9-91EE-EFFD2775EEE1}.Release|x64.Build.0 = Release|x64
		{7C253AD9-8E0A-44D9-91EE-EFFD2775EEE1}.Release|x86.ActiveCfg = Release|Win32
		{7C253AD9-8E0A-44D9-91EE-EFFD2775EEE1}.Release|x86.Build.0 = Release|Win32
	EndGlobalSection
	GlobalSection(SolutionProperties) = preSolution
		HideSolutionNode = FALSE
	EndGlobalSection
	GlobalSection(ExtensibilityGlobals) = postSolution
		SolutionGuid = {6E171568-B13E-4C06-B783-8993E696EBDA}
	EndGlobalSection
EndGlobal
